
Microsoft Visual Studio Solution File, Format Version 12.00
# Visual Studio Version 17
VisualStudioVersion = 17.3.32819.101
MinimumVisualStudioVersion = 10.0.40219.1
Project("{FAE04EC0-301F-11D3-BF4B-00C04F79EFBC}") = "Domain", "Domain\Domain.csproj", "{D49ADE7C-9ACF-4AE1-ABD1-825B93BC6FC0}"
EndProject
Project("{FAE04EC0-301F-11D3-BF4B-00C04F79EFBC}") = "EFDataAccess", "EFDataAccess\EFDataAccess.csproj", "{9AB7184F-FFBB-4B67-870A-9BD6D6E33563}"
EndProject
Global
	GlobalSection(SolutionConfigurationPlatforms) = preSolution
		Debug|Any CPU = Debug|Any CPU
		Release|Any CPU = Release|Any CPU
	EndGlobalSection
	GlobalSection(ProjectConfigurationPlatforms) = postSolution
		{D49ADE7C-9ACF-4AE1-ABD1-825B93BC6FC0}.Debug|Any CPU.ActiveCfg = Debug|Any CPU
		{D49ADE7C-9ACF-4AE1-ABD1-825B93BC6FC0}.Debug|Any CPU.Build.0 = Debug|Any CPU
		{D49ADE7C-9ACF-4AE1-ABD1-825B93BC6FC0}.Release|Any CPU.ActiveCfg = Release|Any CPU
		{D49ADE7C-9ACF-4AE1-ABD1-825B93BC6FC0}.Release|Any CPU.Build.0 = Release|Any CPU
		{9AB7184F-FFBB-4B67-870A-9BD6D6E33563}.Debug|Any CPU.ActiveCfg = Debug|Any CPU
		{9AB7184F-FFBB-4B67-870A-9BD6D6E33563}.Debug|Any CPU.Build.0 = Debug|Any CPU
		{9AB7184F-FFBB-4B67-870A-9BD6D6E33563}.Release|Any CPU.ActiveCfg = Release|Any CPU
		{9AB7184F-FFBB-4B67-870A-9BD6D6E33563}.Release|Any CPU.Build.0 = Release|Any CPU
	EndGlobalSection
	GlobalSection(SolutionProperties) = preSolution
		HideSolutionNode = FALSE
	EndGlobalSection
	GlobalSection(ExtensibilityGlobals) = postSolution
		SolutionGuid = {AABFA662-1B69-4E2D-98CE-733CBE7BED44}
	EndGlobalSection
EndGlobal
